
Microsoft Visual Studio Solution File, Format Version 12.00
# Visual Studio Version 17
VisualStudioVersion = 17.0.31903.59
MinimumVisualStudioVersion = 10.0.40219.1
Project("{2150E333-8FDC-42A3-9474-1A3956D46DE8}") = "src", "src", "{FC4D3441-E373-47BA-9E26-29EA79167CEB}"
EndProject
Project("{9A19103F-16F7-4668-BE54-9A1E7A4F7556}") = "AuctionService", "src\AuctionService\AuctionService.csproj", "{C5D152C8-6865-4958-A418-F8506FBAA936}"
EndProject
Project("{9A19103F-16F7-4668-BE54-9A1E7A4F7556}") = "SearchService", "src\SearchService\SearchService.csproj", "{727A2F0C-8E45-44F4-807C-A908DABC6828}"
EndProject
Project("{9A19103F-16F7-4668-BE54-9A1E7A4F7556}") = "Contracts", "src\Contracts\Contracts.csproj", "{E63E86E6-6007-419F-B16E-EEDB82AF8D1A}"
EndProject
Project("{9A19103F-16F7-4668-BE54-9A1E7A4F7556}") = "IdentityService", "src\IdentityService\IdentityService.csproj", "{9203A43D-A45B-451C-AF9A-6B1286088C81}"
EndProject
Project("{9A19103F-16F7-4668-BE54-9A1E7A4F7556}") = "GatewayService", "src\GatewayService\GatewayService.csproj", "{F369BD14-5E94-4EDC-8E2F-FBE48D2EDD03}"
EndProject
Project("{2150E333-8FDC-42A3-9474-1A3956D46DE8}") = "Solution Items", "Solution Items", "{C0DD1455-1DF3-47C6-BD6C-B7151C4D1B96}"
	ProjectSection(SolutionItems) = preProject
		docker-compose.yml = docker-compose.yml
	EndProjectSection
EndProject
Global
	GlobalSection(SolutionConfigurationPlatforms) = preSolution
		Debug|Any CPU = Debug|Any CPU
		Release|Any CPU = Release|Any CPU
	EndGlobalSection
	GlobalSection(ProjectConfigurationPlatforms) = postSolution
		{C5D152C8-6865-4958-A418-F8506FBAA936}.Debug|Any CPU.ActiveCfg = Debug|Any CPU
		{C5D152C8-6865-4958-A418-F8506FBAA936}.Debug|Any CPU.Build.0 = Debug|Any CPU
		{C5D152C8-6865-4958-A418-F8506FBAA936}.Release|Any CPU.ActiveCfg = Release|Any CPU
		{C5D152C8-6865-4958-A418-F8506FBAA936}.Release|Any CPU.Build.0 = Release|Any CPU
		{727A2F0C-8E45-44F4-807C-A908DABC6828}.Debug|Any CPU.ActiveCfg = Debug|Any CPU
		{727A2F0C-8E45-44F4-807C-A908DABC6828}.Debug|Any CPU.Build.0 = Debug|Any CPU
		{727A2F0C-8E45-44F4-807C-A908DABC6828}.Release|Any CPU.ActiveCfg = Release|Any CPU
		{727A2F0C-8E45-44F4-807C-A908DABC6828}.Release|Any CPU.Build.0 = Release|Any CPU
		{E63E86E6-6007-419F-B16E-EEDB82AF8D1A}.Debug|Any CPU.ActiveCfg = Debug|Any CPU
		{E63E86E6-6007-419F-B16E-EEDB82AF8D1A}.Debug|Any CPU.Build.0 = Debug|Any CPU
		{E63E86E6-6007-419F-B16E-EEDB82AF8D1A}.Release|Any CPU.ActiveCfg = Release|Any CPU
		{E63E86E6-6007-419F-B16E-EEDB82AF8D1A}.Release|Any CPU.Build.0 = Release|Any CPU
		{9203A43D-A45B-451C-AF9A-6B1286088C81}.Debug|Any CPU.ActiveCfg = Debug|Any CPU
		{9203A43D-A45B-451C-AF9A-6B1286088C81}.Debug|Any CPU.Build.0 = Debug|Any CPU
		{9203A43D-A45B-451C-AF9A-6B1286088C81}.Release|Any CPU.ActiveCfg = Release|Any CPU
		{9203A43D-A45B-451C-AF9A-6B1286088C81}.Release|Any CPU.Build.0 = Release|Any CPU
		{F369BD14-5E94-4EDC-8E2F-FBE48D2EDD03}.Debug|Any CPU.ActiveCfg = Debug|Any CPU
		{F369BD14-5E94-4EDC-8E2F-FBE48D2EDD03}.Debug|Any CPU.Build.0 = Debug|Any CPU
		{F369BD14-5E94-4EDC-8E2F-FBE48D2EDD03}.Release|Any CPU.ActiveCfg = Release|Any CPU
		{F369BD14-5E94-4EDC-8E2F-FBE48D2EDD03}.Release|Any CPU.Build.0 = Release|Any CPU
	EndGlobalSection
	GlobalSection(SolutionProperties) = preSolution
		HideSolutionNode = FALSE
	EndGlobalSection
	GlobalSection(NestedProjects) = preSolution
		{C5D152C8-6865-4958-A418-F8506FBAA936} = {FC4D3441-E373-47BA-9E26-29EA79167CEB}
		{727A2F0C-8E45-44F4-807C-A908DABC6828} = {FC4D3441-E373-47BA-9E26-29EA79167CEB}
		{E63E86E6-6007-419F-B16E-EEDB82AF8D1A} = {FC4D3441-E373-47BA-9E26-29EA79167CEB}
		{9203A43D-A45B-451C-AF9A-6B1286088C81} = {FC4D3441-E373-47BA-9E26-29EA79167CEB}
		{F369BD14-5E94-4EDC-8E2F-FBE48D2EDD03} = {FC4D3441-E373-47BA-9E26-29EA79167CEB}
	EndGlobalSection
	GlobalSection(ExtensibilityGlobals) = postSolution
		SolutionGuid = {6B9FD6A5-A024-46AE-8A40-5E8326967649}
	EndGlobalSection
EndGlobal
